// !$*UTF8*$!
{
	archiveVersion = 1;
	classes = {
	};
	objectVersion = 55;
	objects = {

/* Begin PBXBuildFile section */
		A12563A0281953CA00A67403 /* AlertController.swift in Sources */ = {isa = PBXBuildFile; fileRef = A125639F281953CA00A67403 /* AlertController.swift */; };
		A177DD7D280EE29E00416403 /* AppDelegate.swift in Sources */ = {isa = PBXBuildFile; fileRef = A177DD7C280EE29E00416403 /* AppDelegate.swift */; };
		A177DD7F280EE29E00416403 /* SceneDelegate.swift in Sources */ = {isa = PBXBuildFile; fileRef = A177DD7E280EE29E00416403 /* SceneDelegate.swift */; };
		A177DD81280EE29E00416403 /* TaskListViewController.swift in Sources */ = {isa = PBXBuildFile; fileRef = A177DD80280EE29E00416403 /* TaskListViewController.swift */; };
		A177DD87280EE29E00416403 /* ToDoTask__HW_13__Core_Data.xcdatamodeld in Sources */ = {isa = PBXBuildFile; fileRef = A177DD85280EE29E00416403 /* ToDoTask__HW_13__Core_Data.xcdatamodeld */; };
		A177DD89280EE2A300416403 /* Assets.xcassets in Resources */ = {isa = PBXBuildFile; fileRef = A177DD88280EE2A300416403 /* Assets.xcassets */; };
		A177DD8C280EE2A300416403 /* LaunchScreen.storyboard in Resources */ = {isa = PBXBuildFile; fileRef = A177DD8A280EE2A300416403 /* LaunchScreen.storyboard */; };
		A177DD96280F14D400416403 /* StorageManager.swift in Sources */ = {isa = PBXBuildFile; fileRef = A177DD95280F14D400416403 /* StorageManager.swift */; };
/* End PBXBuildFile section */

/* Begin PBXFileReference section */
		A125639F281953CA00A67403 /* AlertController.swift */ = {isa = PBXFileReference; lastKnownFileType = sourcecode.swift; path = AlertController.swift; sourceTree = "<group>"; };
		A177DD79280EE29E00416403 /* ToDoTask (HW 13) Core Data.app */ = {isa = PBXFileReference; explicitFileType = wrapper.application; includeInIndex = 0; path = "ToDoTask (HW 13) Core Data.app"; sourceTree = BUILT_PRODUCTS_DIR; };
		A177DD7C280EE29E00416403 /* AppDelegate.swift */ = {isa = PBXFileReference; lastKnownFileType = sourcecode.swift; path = AppDelegate.swift; sourceTree = "<group>"; };
		A177DD7E280EE29E00416403 /* SceneDelegate.swift */ = {isa = PBXFileReference; lastKnownFileType = sourcecode.swift; path = SceneDelegate.swift; sourceTree = "<group>"; };
		A177DD80280EE29E00416403 /* TaskListViewController.swift */ = {isa = PBXFileReference; lastKnownFileType = sourcecode.swift; path = TaskListViewController.swift; sourceTree = "<group>"; };
		A177DD86280EE29E00416403 /* ToDoTask__HW_13__Core_Data.xcdatamodel */ = {isa = PBXFileReference; lastKnownFileType = wrapper.xcdatamodel; path = ToDoTask__HW_13__Core_Data.xcdatamodel; sourceTree = "<group>"; };
		A177DD88280EE2A300416403 /* Assets.xcassets */ = {isa = PBXFileReference; lastKnownFileType = folder.assetcatalog; path = Assets.xcassets; sourceTree = "<group>"; };
		A177DD8B280EE2A300416403 /* Base */ = {isa = PBXFileReference; lastKnownFileType = file.storyboard; name = Base; path = Base.lproj/LaunchScreen.storyboard; sourceTree = "<group>"; };
		A177DD8D280EE2A300416403 /* Info.plist */ = {isa = PBXFileReference; lastKnownFileType = text.plist.xml; path = Info.plist; sourceTree = "<group>"; };
		A177DD95280F14D400416403 /* StorageManager.swift */ = {isa = PBXFileReference; lastKnownFileType = sourcecode.swift; path = StorageManager.swift; sourceTree = "<group>"; };
/* End PBXFileReference section */

/* Begin PBXFrameworksBuildPhase section */
		A177DD76280EE29E00416403 /* Frameworks */ = {
			isa = PBXFrameworksBuildPhase;
			buildActionMask = 2147483647;
			files = (
			);
			runOnlyForDeploymentPostprocessing = 0;
		};
/* End PBXFrameworksBuildPhase section */

/* Begin PBXGroup section */
		A177DD70280EE29D00416403 = {
			isa = PBXGroup;
			children = (
				A177DD7B280EE29E00416403 /* ToDoTask (HW 13) Core Data */,
				A177DD7A280EE29E00416403 /* Products */,
			);
			sourceTree = "<group>";
		};
		A177DD7A280EE29E00416403 /* Products */ = {
			isa = PBXGroup;
			children = (
				A177DD79280EE29E00416403 /* ToDoTask (HW 13) Core Data.app */,
			);
			name = Products;
			sourceTree = "<group>";
		};
		A177DD7B280EE29E00416403 /* ToDoTask (HW 13) Core Data */ = {
			isa = PBXGroup;
			children = (
				A177DD7C280EE29E00416403 /* AppDelegate.swift */,
				A177DD7E280EE29E00416403 /* SceneDelegate.swift */,
				A177DD80280EE29E00416403 /* TaskListViewController.swift */,
				A177DD95280F14D400416403 /* StorageManager.swift */,
				A125639F281953CA00A67403 /* AlertController.swift */,
				A177DD88280EE2A300416403 /* Assets.xcassets */,
				A177DD8A280EE2A300416403 /* LaunchScreen.storyboard */,
				A177DD8D280EE2A300416403 /* Info.plist */,
				A177DD85280EE29E00416403 /* ToDoTask__HW_13__Core_Data.xcdatamodeld */,
			);
			path = "ToDoTask (HW 13) Core Data";
			sourceTree = "<group>";
		};
/* End PBXGroup section */

/* Begin PBXNativeTarget section */
		A177DD78280EE29E00416403 /* ToDoTask (HW 13) Core Data */ = {
			isa = PBXNativeTarget;
			buildConfigurationList = A177DD90280EE2A300416403 /* Build configuration list for PBXNativeTarget "ToDoTask (HW 13) Core Data" */;
			buildPhases = (
				A177DD75280EE29E00416403 /* Sources */,
				A177DD76280EE29E00416403 /* Frameworks */,
				A177DD77280EE29E00416403 /* Resources */,
			);
			buildRules = (
			);
			dependencies = (
			);
			name = "ToDoTask (HW 13) Core Data";
			productName = "ToDoTask (HW 13) Core Data";
			productReference = A177DD79280EE29E00416403 /* ToDoTask (HW 13) Core Data.app */;
			productType = "com.apple.product-type.application";
		};
/* End PBXNativeTarget section */

/* Begin PBXProject section */
		A177DD71280EE29D00416403 /* Project object */ = {
			isa = PBXProject;
			attributes = {
				BuildIndependentTargetsInParallel = 1;
				LastSwiftUpdateCheck = 1330;
				LastUpgradeCheck = 1330;
				TargetAttributes = {
					A177DD78280EE29E00416403 = {
						CreatedOnToolsVersion = 13.3.1;
					};
				};
			};
			buildConfigurationList = A177DD74280EE29D00416403 /* Build configuration list for PBXProject "ToDoTask (HW 13) Core Data" */;
			compatibilityVersion = "Xcode 13.0";
			developmentRegion = en;
			hasScannedForEncodings = 0;
			knownRegions = (
				en,
				Base,
			);
			mainGroup = A177DD70280EE29D00416403;
			productRefGroup = A177DD7A280EE29E00416403 /* Products */;
			projectDirPath = "";
			projectRoot = "";
			targets = (
				A177DD78280EE29E00416403 /* ToDoTask (HW 13) Core Data */,
			);
		};
/* End PBXProject section */

/* Begin PBXResourcesBuildPhase section */
		A177DD77280EE29E00416403 /* Resources */ = {
			isa = PBXResourcesBuildPhase;
			buildActionMask = 2147483647;
			files = (
				A177DD8C280EE2A300416403 /* LaunchScreen.storyboard in Resources */,
				A177DD89280EE2A300416403 /* Assets.xcassets in Resources */,
			);
			runOnlyForDeploymentPostprocessing = 0;
		};
/* End PBXResourcesBuildPhase section */

/* Begin PBXSourcesBuildPhase section */
		A177DD75280EE29E00416403 /* Sources */ = {
			isa = PBXSourcesBuildPhase;
			buildActionMask = 2147483647;
			files = (
				A177DD87280EE29E00416403 /* ToDoTask__HW_13__Core_Data.xcdatamodeld in Sources */,
				A177DD81280EE29E00416403 /* TaskListViewController.swift in Sources */,
				A177DD96280F14D400416403 /* StorageManager.swift in Sources */,
				A177DD7D280EE29E00416403 /* AppDelegate.swift in Sources */,
				A12563A0281953CA00A67403 /* AlertController.swift in Sources */,
				A177DD7F280EE29E00416403 /* SceneDelegate.swift in Sources */,
			);
			runOnlyForDeploymentPostprocessing = 0;
		};
/* End PBXSourcesBuildPhase section */

/* Begin PBXVariantGroup section */
		A177DD8A280EE2A300416403 /* LaunchScreen.storyboard */ = {
			isa = PBXVariantGroup;
			children = (
				A177DD8B280EE2A300416403 /* Base */,
			);
			name = LaunchScreen.storyboard;
			sourceTree = "<group>";
		};
/* End PBXVariantGroup section */

/* Begin XCBuildConfiguration section */
		A177DD8E280EE2A300416403 /* Debug */ = {
			isa = XCBuildConfiguration;
			buildSettings = {
				ALWAYS_SEARCH_USER_PATHS = NO;
				CLANG_ANALYZER_NONNULL = YES;
				CLANG_ANALYZER_NUMBER_OBJECT_CONVERSION = YES_AGGRESSIVE;
				CLANG_CXX_LANGUAGE_STANDARD = "gnu++17";
				CLANG_ENABLE_MODULES = YES;
				CLANG_ENABLE_OBJC_ARC = YES;
				CLANG_ENABLE_OBJC_WEAK = YES;
				CLANG_WARN_BLOCK_CAPTURE_AUTORELEASING = YES;
				CLANG_WARN_BOOL_CONVERSION = YES;
				CLANG_WARN_COMMA = YES;
				CLANG_WARN_CONSTANT_CONVERSION = YES;
				CLANG_WARN_DEPRECATED_OBJC_IMPLEMENTATIONS = YES;
				CLANG_WARN_DIRECT_OBJC_ISA_USAGE = YES_ERROR;
				CLANG_WARN_DOCUMENTATION_COMMENTS = YES;
				CLANG_WARN_EMPTY_BODY = YES;
				CLANG_WARN_ENUM_CONVERSION = YES;
				CLANG_WARN_INFINITE_RECURSION = YES;
				CLANG_WARN_INT_CONVERSION = YES;
				CLANG_WARN_NON_LITERAL_NULL_CONVERSION = YES;
				CLANG_WARN_OBJC_IMPLICIT_RETAIN_SELF = YES;
				CLANG_WARN_OBJC_LITERAL_CONVERSION = YES;
				CLANG_WARN_OBJC_ROOT_CLASS = YES_ERROR;
				CLANG_WARN_QUOTED_INCLUDE_IN_FRAMEWORK_HEADER = YES;
				CLANG_WARN_RANGE_LOOP_ANALYSIS = YES;
				CLANG_WARN_STRICT_PROTOTYPES = YES;
				CLANG_WARN_SUSPICIOUS_MOVE = YES;
				CLANG_WARN_UNGUARDED_AVAILABILITY = YES_AGGRESSIVE;
				CLANG_WARN_UNREACHABLE_CODE = YES;
				CLANG_WARN__DUPLICATE_METHOD_MATCH = YES;
				COPY_PHASE_STRIP = NO;
				DEBUG_INFORMATION_FORMAT = dwarf;
				ENABLE_STRICT_OBJC_MSGSEND = YES;
				ENABLE_TESTABILITY = YES;
				GCC_C_LANGUAGE_STANDARD = gnu11;
				GCC_DYNAMIC_NO_PIC = NO;
				GCC_NO_COMMON_BLOCKS = YES;
				GCC_OPTIMIZATION_LEVEL = 0;
				GCC_PREPROCESSOR_DEFINITIONS = (
					"DEBUG=1",
					"$(inherited)",
				);
				GCC_WARN_64_TO_32_BIT_CONVERSION = YES;
				GCC_WARN_ABOUT_RETURN_TYPE = YES_ERROR;
				GCC_WARN_UNDECLARED_SELECTOR = YES;
				GCC_WARN_UNINITIALIZED_AUTOS = YES_AGGRESSIVE;
				GCC_WARN_UNUSED_FUNCTION = YES;
				GCC_WARN_UNUSED_VARIABLE = YES;
				IPHONEOS_DEPLOYMENT_TARGET = 15.4;
				MTL_ENABLE_DEBUG_INFO = INCLUDE_SOURCE;
				MTL_FAST_MATH = YES;
				ONLY_ACTIVE_ARCH = YES;
				SDKROOT = iphoneos;
				SWIFT_ACTIVE_COMPILATION_CONDITIONS = DEBUG;
				SWIFT_OPTIMIZATION_LEVEL = "-Onone";
			};
			name = Debug;
		};
		A177DD8F280EE2A300416403 /* Release */ = {
			isa = XCBuildConfiguration;
			buildSettings = {
				ALWAYS_SEARCH_USER_PATHS = NO;
				CLANG_ANALYZER_NONNULL = YES;
				CLANG_ANALYZER_NUMBER_OBJECT_CONVERSION = YES_AGGRESSIVE;
				CLANG_CXX_LANGUAGE_STANDARD = "gnu++17";
				CLANG_ENABLE_MODULES = YES;
				CLANG_ENABLE_OBJC_ARC = YES;
				CLANG_ENABLE_OBJC_WEAK = YES;
				CLANG_WARN_BLOCK_CAPTURE_AUTORELEASING = YES;
				CLANG_WARN_BOOL_CONVERSION = YES;
				CLANG_WARN_COMMA = YES;
				CLANG_WARN_CONSTANT_CONVERSION = YES;
				CLANG_WARN_DEPRECATED_OBJC_IMPLEMENTATIONS = YES;
				CLANG_WARN_DIRECT_OBJC_ISA_USAGE = YES_ERROR;
				CLANG_WARN_DOCUMENTATION_COMMENTS = YES;
				CLANG_WARN_EMPTY_BODY = YES;
				CLANG_WARN_ENUM_CONVERSION = YES;
				CLANG_WARN_INFINITE_RECURSION = YES;
				CLANG_WARN_INT_CONVERSION = YES;
				CLANG_WARN_NON_LITERAL_NULL_CONVERSION = YES;
				CLANG_WARN_OBJC_IMPLICIT_RETAIN_SELF = YES;
				CLANG_WARN_OBJC_LITERAL_CONVERSION = YES;
				CLANG_WARN_OBJC_ROOT_CLASS = YES_ERROR;
				CLANG_WARN_QUOTED_INCLUDE_IN_FRAMEWORK_HEADER = YES;
				CLANG_WARN_RANGE_LOOP_ANALYSIS = YES;
				CLANG_WARN_STRICT_PROTOTYPES = YES;
				CLANG_WARN_SUSPICIOUS_MOVE = YES;
				CLANG_WARN_UNGUARDED_AVAILABILITY = YES_AGGRESSIVE;
				CLANG_WARN_UNREACHABLE_CODE = YES;
				CLANG_WARN__DUPLICATE_METHOD_MATCH = YES;
				COPY_PHASE_STRIP = NO;
				DEBUG_INFORMATION_FORMAT = "dwarf-with-dsym";
				ENABLE_NS_ASSERTIONS = NO;
				ENABLE_STRICT_OBJC_MSGSEND = YES;
				GCC_C_LANGUAGE_STANDARD = gnu11;
				GCC_NO_COMMON_BLOCKS = YES;
				GCC_WARN_64_TO_32_BIT_CONVERSION = YES;
				GCC_WARN_ABOUT_RETURN_TYPE = YES_ERROR;
				GCC_WARN_UNDECLARED_SELECTOR = YES;
				GCC_WARN_UNINITIALIZED_AUTOS = YES_AGGRESSIVE;
				GCC_WARN_UNUSED_FUNCTION = YES;
				GCC_WARN_UNUSED_VARIABLE = YES;
				IPHONEOS_DEPLOYMENT_TARGET = 15.4;
				MTL_ENABLE_DEBUG_INFO = NO;
				MTL_FAST_MATH = YES;
				SDKROOT = iphoneos;
				SWIFT_COMPILATION_MODE = wholemodule;
				SWIFT_OPTIMIZATION_LEVEL = "-O";
				VALIDATE_PRODUCT = YES;
			};
			name = Release;
		};
		A177DD91280EE2A300416403 /* Debug */ = {
			isa = XCBuildConfiguration;
			buildSettings = {
				ASSETCATALOG_COMPILER_APPICON_NAME = AppIcon;
				ASSETCATALOG_COMPILER_GLOBAL_ACCENT_COLOR_NAME = AccentColor;
				CODE_SIGN_STYLE = Automatic;
				CURRENT_PROJECT_VERSION = 1;
				DEVELOPMENT_TEAM = X5R2XG222B;
				GENERATE_INFOPLIST_FILE = YES;
				INFOPLIST_FILE = "ToDoTask (HW 13) Core Data/Info.plist";
				INFOPLIST_KEY_UIApplicationSupportsIndirectInputEvents = YES;
				INFOPLIST_KEY_UILaunchStoryboardName = LaunchScreen;
				INFOPLIST_KEY_UISupportedInterfaceOrientations_iPad = "UIInterfaceOrientationPortrait UIInterfaceOrientationPortraitUpsideDown UIInterfaceOrientationLandscapeLeft UIInterfaceOrientationLandscapeRight";
				INFOPLIST_KEY_UISupportedInterfaceOrientations_iPhone = "UIInterfaceOrientationPortrait UIInterfaceOrientationLandscapeLeft UIInterfaceOrientationLandscapeRight";
				LD_RUNPATH_SEARCH_PATHS = (
					"$(inherited)",
					"@executable_path/Frameworks",
				);
				MARKETING_VERSION = 1.0;
				PRODUCT_BUNDLE_IDENTIFIER = "Aleks-sinya.ToDoTask--HW-13--Core-Data";
				PRODUCT_NAME = "$(TARGET_NAME)";
				SWIFT_EMIT_LOC_STRINGS = YES;
				SWIFT_VERSION = 5.0;
				TARGETED_DEVICE_FAMILY = 1;
			};
			name = Debug;
		};
		A177DD92280EE2A300416403 /* Release */ = {
			isa = XCBuildConfiguration;
			buildSettings = {
				ASSETCATALOG_COMPILER_APPICON_NAME = AppIcon;
				ASSETCATALOG_COMPILER_GLOBAL_ACCENT_COLOR_NAME = AccentColor;
				CODE_SIGN_STYLE = Automatic;
				CURRENT_PROJECT_VERSION = 1;
				DEVELOPMENT_TEAM = X5R2XG222B;
				GENERATE_INFOPLIST_FILE = YES;
				INFOPLIST_FILE = "ToDoTask (HW 13) Core Data/Info.plist";
				INFOPLIST_KEY_UIApplicationSupportsIndirectInputEvents = YES;
				INFOPLIST_KEY_UILaunchStoryboardName = LaunchScreen;
				INFOPLIST_KEY_UISupportedInterfaceOrientations_iPad = "UIInterfaceOrientationPortrait UIInterfaceOrientationPortraitUpsideDown UIInterfaceOrientationLandscapeLeft UIInterfaceOrientationLandscapeRight";
				INFOPLIST_KEY_UISupportedInterfaceOrientations_iPhone = "UIInterfaceOrientationPortrait UIInterfaceOrientationLandscapeLeft UIInterfaceOrientationLandscapeRight";
				LD_RUNPATH_SEARCH_PATHS = (
					"$(inherited)",
					"@executable_path/Frameworks",
				);
				MARKETING_VERSION = 1.0;
				PRODUCT_BUNDLE_IDENTIFIER = "Aleks-sinya.ToDoTask--HW-13--Core-Data";
				PRODUCT_NAME = "$(TARGET_NAME)";
				SWIFT_EMIT_LOC_STRINGS = YES;
				SWIFT_VERSION = 5.0;
				TARGETED_DEVICE_FAMILY = 1;
			};
			name = Release;
		};
/* End XCBuildConfiguration section */

/* Begin XCConfigurationList section */
		A177DD74280EE29D00416403 /* Build configuration list for PBXProject "ToDoTask (HW 13) Core Data" */ = {
			isa = XCConfigurationList;
			buildConfigurations = (
				A177DD8E280EE2A300416403 /* Debug */,
				A177DD8F280EE2A300416403 /* Release */,
			);
			defaultConfigurationIsVisible = 0;
			defaultConfigurationName = Release;
		};
		A177DD90280EE2A300416403 /* Build configuration list for PBXNativeTarget "ToDoTask (HW 13) Core Data" */ = {
			isa = XCConfigurationList;
			buildConfigurations = (
				A177DD91280EE2A300416403 /* Debug */,
				A177DD92280EE2A300416403 /* Release */,
			);
			defaultConfigurationIsVisible = 0;
			defaultConfigurationName = Release;
		};
/* End XCConfigurationList section */

/* Begin XCVersionGroup section */
		A177DD85280EE29E00416403 /* ToDoTask__HW_13__Core_Data.xcdatamodeld */ = {
			isa = XCVersionGroup;
			children = (
				A177DD86280EE29E00416403 /* ToDoTask__HW_13__Core_Data.xcdatamodel */,
			);
			currentVersion = A177DD86280EE29E00416403 /* ToDoTask__HW_13__Core_Data.xcdatamodel */;
			path = ToDoTask__HW_13__Core_Data.xcdatamodeld;
			sourceTree = "<group>";
			versionGroupType = wrapper.xcdatamodel;
		};
/* End XCVersionGroup section */
	};
	rootObject = A177DD71280EE29D00416403 /* Project object */;
}
